
Microsoft Visual Studio Solution File, Format Version 12.00
# Visual Studio 15
VisualStudioVersion = 15.0.28010.2036
MinimumVisualStudioVersion = 10.0.40219.1
Project("{FAE04EC0-301F-11D3-BF4B-00C04F79EFBC}") = "FileSizes", "FileSizes\FileSizes.csproj", "{BE94636B-63C4-42D2-987B-6C400F5DBEB2}"
EndProject
Global
	GlobalSection(SolutionConfigurationPlatforms) = preSolution
		Debug|Any CPU = Debug|Any CPU
		Release|Any CPU = Release|Any CPU
	EndGlobalSection
	GlobalSection(ProjectConfigurationPlatforms) = postSolution
		{BE94636B-63C4-42D2-987B-6C400F5DBEB2}.Debug|Any CPU.ActiveCfg = Debug|Any CPU
		{BE94636B-63C4-42D2-987B-6C400F5DBEB2}.Debug|Any CPU.Build.0 = Debug|Any CPU
		{BE94636B-63C4-42D2-987B-6C400F5DBEB2}.Release|Any CPU.ActiveCfg = Release|Any CPU
		{BE94636B-63C4-42D2-987B-6C400F5DBEB2}.Release|Any CPU.Build.0 = Release|Any CPU
	EndGlobalSection
	GlobalSection(SolutionProperties) = preSolution
		HideSolutionNode = FALSE
	EndGlobalSection
	GlobalSection(ExtensibilityGlobals) = postSolution
		SolutionGuid = {346DD4B0-BABB-4986-A381-7B42CC2C8CBC}
	EndGlobalSection
EndGlobal
